// !$*UTF8*$!
{
	archiveVersion = 1;
	classes = {
	};
	objectVersion = 46;
	objects = {

/* Begin PBXBuildFile section */
		F9AC4A2C1F2E9433002443EB /* AppDelegate.swift in Sources */ = {isa = PBXBuildFile; fileRef = F9AC4A2B1F2E9433002443EB /* AppDelegate.swift */; };
		F9AC4A2E1F2E9433002443EB /* ViewController.swift in Sources */ = {isa = PBXBuildFile; fileRef = F9AC4A2D1F2E9433002443EB /* ViewController.swift */; };
		F9AC4A311F2E9433002443EB /* Main.storyboard in Resources */ = {isa = PBXBuildFile; fileRef = F9AC4A2F1F2E9433002443EB /* Main.storyboard */; };
		F9AC4A331F2E9433002443EB /* Assets.xcassets in Resources */ = {isa = PBXBuildFile; fileRef = F9AC4A321F2E9433002443EB /* Assets.xcassets */; };
		F9AC4A361F2E9433002443EB /* LaunchScreen.storyboard in Resources */ = {isa = PBXBuildFile; fileRef = F9AC4A341F2E9433002443EB /* LaunchScreen.storyboard */; };
		F9AC4A3E1F2FD01C002443EB /* FaceDetection.swift in Sources */ = {isa = PBXBuildFile; fileRef = F9AC4A3D1F2FD01C002443EB /* FaceDetection.swift */; };
/* End PBXBuildFile section */

/* Begin PBXFileReference section */
		F9AC4A281F2E9433002443EB /* QRScanner.app */ = {isa = PBXFileReference; explicitFileType = wrapper.application; includeInIndex = 0; path = QRScanner.app; sourceTree = BUILT_PRODUCTS_DIR; };
		F9AC4A2B1F2E9433002443EB /* AppDelegate.swift */ = {isa = PBXFileReference; lastKnownFileType = sourcecode.swift; path = AppDelegate.swift; sourceTree = "<group>"; };
		F9AC4A2D1F2E9433002443EB /* ViewController.swift */ = {isa = PBXFileReference; lastKnownFileType = sourcecode.swift; path = ViewController.swift; sourceTree = "<group>"; };
		F9AC4A301F2E9433002443EB /* Base */ = {isa = PBXFileReference; lastKnownFileType = file.storyboard; name = Base; path = Base.lproj/Main.storyboard; sourceTree = "<group>"; };
		F9AC4A321F2E9433002443EB /* Assets.xcassets */ = {isa = PBXFileReference; lastKnownFileType = folder.assetcatalog; path = Assets.xcassets; sourceTree = "<group>"; };
		F9AC4A351F2E9433002443EB /* Base */ = {isa = PBXFileReference; lastKnownFileType = file.storyboard; name = Base; path = Base.lproj/LaunchScreen.storyboard; sourceTree = "<group>"; };
		F9AC4A371F2E9433002443EB /* Info.plist */ = {isa = PBXFileReference; lastKnownFileType = text.plist.xml; path = Info.plist; sourceTree = "<group>"; };
		F9AC4A3D1F2FD01C002443EB /* FaceDetection.swift */ = {isa = PBXFileReference; fileEncoding = 4; lastKnownFileType = sourcecode.swift; path = FaceDetection.swift; sourceTree = "<group>"; };
/* End PBXFileReference section */

/* Begin PBXFrameworksBuildPhase section */
		F9AC4A251F2E9433002443EB /* Frameworks */ = {
			isa = PBXFrameworksBuildPhase;
			buildActionMask = 2147483647;
			files = (
			);
			runOnlyForDeploymentPostprocessing = 0;
		};
/* End PBXFrameworksBuildPhase section */

/* Begin PBXGroup section */
		F9AC4A1F1F2E9433002443EB = {
			isa = PBXGroup;
			children = (
				F9AC4A2A1F2E9433002443EB /* QRScanner */,
				F9AC4A291F2E9433002443EB /* Products */,
			);
			sourceTree = "<group>";
		};
		F9AC4A291F2E9433002443EB /* Products */ = {
			isa = PBXGroup;
			children = (
				F9AC4A281F2E9433002443EB /* QRScanner.app */,
			);
			name = Products;
			sourceTree = "<group>";
		};
		F9AC4A2A1F2E9433002443EB /* QRScanner */ = {
			isa = PBXGroup;
			children = (
				F9AC4A2B1F2E9433002443EB /* AppDelegate.swift */,
				F9AC4A2D1F2E9433002443EB /* ViewController.swift */,
				F9AC4A2F1F2E9433002443EB /* Main.storyboard */,
				F9AC4A321F2E9433002443EB /* Assets.xcassets */,
				F9AC4A341F2E9433002443EB /* LaunchScreen.storyboard */,
				F9AC4A371F2E9433002443EB /* Info.plist */,
				F9AC4A3D1F2FD01C002443EB /* FaceDetection.swift */,
			);
			path = QRScanner;
			sourceTree = "<group>";
		};
/* End PBXGroup section */

/* Begin PBXNativeTarget section */
		F9AC4A271F2E9433002443EB /* QRScanner */ = {
			isa = PBXNativeTarget;
			buildConfigurationList = F9AC4A3A1F2E9433002443EB /* Build configuration list for PBXNativeTarget "QRScanner" */;
			buildPhases = (
				F9AC4A241F2E9433002443EB /* Sources */,
				F9AC4A251F2E9433002443EB /* Frameworks */,
				F9AC4A261F2E9433002443EB /* Resources */,
			);
			buildRules = (
			);
			dependencies = (
			);
			name = QRScanner;
			productName = QRScanner;
			productReference = F9AC4A281F2E9433002443EB /* QRScanner.app */;
			productType = "com.apple.product-type.application";
		};
/* End PBXNativeTarget section */

/* Begin PBXProject section */
		F9AC4A201F2E9433002443EB /* Project object */ = {
			isa = PBXProject;
			attributes = {
				LastSwiftUpdateCheck = 0830;
				LastUpgradeCheck = 0830;
				ORGANIZATIONNAME = "Kirtikumar Pandya";
				TargetAttributes = {
					F9AC4A271F2E9433002443EB = {
						CreatedOnToolsVersion = 8.3.3;
						DevelopmentTeam = ZYC88EGF9W;
						ProvisioningStyle = Automatic;
					};
				};
			};
			buildConfigurationList = F9AC4A231F2E9433002443EB /* Build configuration list for PBXProject "QRScanner" */;
			compatibilityVersion = "Xcode 3.2";
			developmentRegion = English;
			hasScannedForEncodings = 0;
			knownRegions = (
				en,
				Base,
			);
			mainGroup = F9AC4A1F1F2E9433002443EB;
			productRefGroup = F9AC4A291F2E9433002443EB /* Products */;
			projectDirPath = "";
			projectRoot = "";
			targets = (
				F9AC4A271F2E9433002443EB /* QRScanner */,
			);
		};
/* End PBXProject section */

/* Begin PBXResourcesBuildPhase section */
		F9AC4A261F2E9433002443EB /* Resources */ = {
			isa = PBXResourcesBuildPhase;
			buildActionMask = 2147483647;
			files = (
				F9AC4A361F2E9433002443EB /* LaunchScreen.storyboard in Resources */,
				F9AC4A331F2E9433002443EB /* Assets.xcassets in Resources */,
				F9AC4A311F2E9433002443EB /* Main.storyboard in Resources */,
			);
			runOnlyForDeploymentPostprocessing = 0;
		};
/* End PBXResourcesBuildPhase section */

/* Begin PBXSourcesBuildPhase section */
		F9AC4A241F2E9433002443EB /* Sources */ = {
			isa = PBXSourcesBuildPhase;
			buildActionMask = 2147483647;
			files = (
				F9AC4A3E1F2FD01C002443EB /* FaceDetection.swift in Sources */,
				F9AC4A2E1F2E9433002443EB /* ViewController.swift in Sources */,
				F9AC4A2C1F2E9433002443EB /* AppDelegate.swift in Sources */,
			);
			runOnlyForDeploymentPostprocessing = 0;
		};
/* End PBXSourcesBuildPhase section */

/* Begin PBXVariantGroup section */
		F9AC4A2F1F2E9433002443EB /* Main.storyboard */ = {
			isa = PBXVariantGroup;
			children = (
				F9AC4A301F2E9433002443EB /* Base */,
			);
			name = Main.storyboard;
			sourceTree = "<group>";
		};
		F9AC4A341F2E9433002443EB /* LaunchScreen.storyboard */ = {
			isa = PBXVariantGroup;
			children = (
				F9AC4A351F2E9433002443EB /* Base */,
			);
			name = LaunchScreen.storyboard;
			sourceTree = "<group>";
		};
/* End PBXVariantGroup section */

/* Begin XCBuildConfiguration section */
		F9AC4A381F2E9433002443EB /* Debug */ = {
			isa = XCBuildConfiguration;
			buildSettings = {
				ALWAYS_SEARCH_USER_PATHS = NO;
				CLANG_ANALYZER_NONNULL = YES;
				CLANG_ANALYZER_NUMBER_OBJECT_CONVERSION = YES_AGGRESSIVE;
				CLANG_CXX_LANGUAGE_STANDARD = "gnu++0x";
				CLANG_CXX_LIBRARY = "libc++";
				CLANG_ENABLE_MODULES = YES;
				CLANG_ENABLE_OBJC_ARC = YES;
				CLANG_WARN_BOOL_CONVERSION = YES;
				CLANG_WARN_CONSTANT_CONVERSION = YES;
				CLANG_WARN_DIRECT_OBJC_ISA_USAGE = YES_ERROR;
				CLANG_WARN_DOCUMENTATION_COMMENTS = YES;
				CLANG_WARN_EMPTY_BODY = YES;
				CLANG_WARN_ENUM_CONVERSION = YES;
				CLANG_WARN_INFINITE_RECURSION = YES;
				CLANG_WARN_INT_CONVERSION = YES;
				CLANG_WARN_OBJC_ROOT_CLASS = YES_ERROR;
				CLANG_WARN_SUSPICIOUS_MOVE = YES;
				CLANG_WARN_UNREACHABLE_CODE = YES;
				CLANG_WARN__DUPLICATE_METHOD_MATCH = YES;
				"CODE_SIGN_IDENTITY[sdk=iphoneos*]" = "iPhone Developer";
				COPY_PHASE_STRIP = NO;
				DEBUG_INFORMATION_FORMAT = dwarf;
				ENABLE_STRICT_OBJC_MSGSEND = YES;
				ENABLE_TESTABILITY = YES;
				GCC_C_LANGUAGE_STANDARD = gnu99;
				GCC_DYNAMIC_NO_PIC = NO;
				GCC_NO_COMMON_BLOCKS = YES;
				GCC_OPTIMIZATION_LEVEL = 0;
				GCC_PREPROCESSOR_DEFINITIONS = (
					"DEBUG=1",
					"$(inherited)",
				);
				GCC_WARN_64_TO_32_BIT_CONVERSION = YES;
				GCC_WARN_ABOUT_RETURN_TYPE = YES_ERROR;
				GCC_WARN_UNDECLARED_SELECTOR = YES;
				GCC_WARN_UNINITIALIZED_AUTOS = YES_AGGRESSIVE;
				GCC_WARN_UNUSED_FUNCTION = YES;
				GCC_WARN_UNUSED_VARIABLE = YES;
				IPHONEOS_DEPLOYMENT_TARGET = 10.3;
				MTL_ENABLE_DEBUG_INFO = YES;
				ONLY_ACTIVE_ARCH = YES;
				SDKROOT = iphoneos;
				SWIFT_ACTIVE_COMPILATION_CONDITIONS = DEBUG;
				SWIFT_OPTIMIZATION_LEVEL = "-Onone";
				TARGETED_DEVICE_FAMILY = "1,2";
			};
			name = Debug;
		};
		F9AC4A391F2E9433002443EB /* Release */ = {
			isa = XCBuildConfiguration;
			buildSettings = {
				ALWAYS_SEARCH_USER_PATHS = NO;
				CLANG_ANALYZER_NONNULL = YES;
				CLANG_ANALYZER_NUMBER_OBJECT_CONVERSION = YES_AGGRESSIVE;
				CLANG_CXX_LANGUAGE_STANDARD = "gnu++0x";
				CLANG_CXX_LIBRARY = "libc++";
				CLANG_ENABLE_MODULES = YES;
				CLANG_ENABLE_OBJC_ARC = YES;
				CLANG_WARN_BOOL_CONVERSION = YES;
				CLANG_WARN_CONSTANT_CONVERSION = YES;
				CLANG_WARN_DIRECT_OBJC_ISA_USAGE = YES_ERROR;
				CLANG_WARN_DOCUMENTATION_COMMENTS = YES;
				CLANG_WARN_EMPTY_BODY = YES;
				CLANG_WARN_ENUM_CONVERSION = YES;
				CLANG_WARN_INFINITE_RECURSION = YES;
				CLANG_WARN_INT_CONVERSION = YES;
				CLANG_WARN_OBJC_ROOT_CLASS = YES_ERROR;
				CLANG_WARN_SUSPICIOUS_MOVE = YES;
				CLANG_WARN_UNREACHABLE_CODE = YES;
				CLANG_WARN__DUPLICATE_METHOD_MATCH = YES;
				"CODE_SIGN_IDENTITY[sdk=iphoneos*]" = "iPhone Developer";
				COPY_PHASE_STRIP = NO;
				DEBUG_INFORMATION_FORMAT = "dwarf-with-dsym";
				ENABLE_NS_ASSERTIONS = NO;
				ENABLE_STRICT_OBJC_MSGSEND = YES;
				GCC_C_LANGUAGE_STANDARD = gnu99;
				GCC_NO_COMMON_BLOCKS = YES;
				GCC_WARN_64_TO_32_BIT_CONVERSION = YES;
				GCC_WARN_ABOUT_RETURN_TYPE = YES_ERROR;
				GCC_WARN_UNDECLARED_SELECTOR = YES;
				GCC_WARN_UNINITIALIZED_AUTOS = YES_AGGRESSIVE;
				GCC_WARN_UNUSED_FUNCTION = YES;
				GCC_WARN_UNUSED_VARIABLE = YES;
				IPHONEOS_DEPLOYMENT_TARGET = 10.3;
				MTL_ENABLE_DEBUG_INFO = NO;
				SDKROOT = iphoneos;
				SWIFT_OPTIMIZATION_LEVEL = "-Owholemodule";
				TARGETED_DEVICE_FAMILY = "1,2";
				VALIDATE_PRODUCT = YES;
			};
			name = Release;
		};
		F9AC4A3B1F2E9433002443EB /* Debug */ = {
			isa = XCBuildConfiguration;
			buildSettings = {
				ASSETCATALOG_COMPILER_APPICON_NAME = AppIcon;
				DEVELOPMENT_TEAM = ZYC88EGF9W;
				INFOPLIST_FILE = QRScanner/Info.plist;
				IPHONEOS_DEPLOYMENT_TARGET = 10.0;
				LD_RUNPATH_SEARCH_PATHS = "$(inherited) @executable_path/Frameworks";
				PRODUCT_BUNDLE_IDENTIFIER = com.RAinyShinyCluody.QRScanner;
				PRODUCT_NAME = "$(TARGET_NAME)";
				SWIFT_VERSION = 3.0;
			};
			name = Debug;
		};
		F9AC4A3C1F2E9433002443EB /* Release */ = {
			isa = XCBuildConfiguration;
			buildSettings = {
				ASSETCATALOG_COMPILER_APPICON_NAME = AppIcon;
				DEVELOPMENT_TEAM = ZYC88EGF9W;
				INFOPLIST_FILE = QRScanner/Info.plist;
				IPHONEOS_DEPLOYMENT_TARGET = 10.0;
				LD_RUNPATH_SEARCH_PATHS = "$(inherited) @executable_path/Frameworks";
				PRODUCT_BUNDLE_IDENTIFIER = com.RAinyShinyCluody.QRScanner;
				PRODUCT_NAME = "$(TARGET_NAME)";
				SWIFT_VERSION = 3.0;
			};
			name = Release;
		};
/* End XCBuildConfiguration section */

/* Begin XCConfigurationList section */
		F9AC4A231F2E9433002443EB /* Build configuration list for PBXProject "QRScanner" */ = {
			isa = XCConfigurationList;
			buildConfigurations = (
				F9AC4A381F2E9433002443EB /* Debug */,
				F9AC4A391F2E9433002443EB /* Release */,
			);
			defaultConfigurationIsVisible = 0;
			defaultConfigurationName = Release;
		};
		F9AC4A3A1F2E9433002443EB /* Build configuration list for PBXNativeTarget "QRScanner" */ = {
			isa = XCConfigurationList;
			buildConfigurations = (
				F9AC4A3B1F2E9433002443EB /* Debug */,
				F9AC4A3C1F2E9433002443EB /* Release */,
			);
			defaultConfigurationIsVisible = 0;
		};
/* End XCConfigurationList section */
	};
	rootObject = F9AC4A201F2E9433002443EB /* Project object */;
}
